// !$*UTF8*$!
{
	archiveVersion = 1;
	classes = {
	};
	objectVersion = 50;
	objects = {

/* Begin PBXBuildFile section */
		ED04825324C9F6DC00C58BD8 /* AppDelegate.swift in Sources */ = {isa = PBXBuildFile; fileRef = ED04825224C9F6DC00C58BD8 /* AppDelegate.swift */; };
		ED04825524C9F6DC00C58BD8 /* SceneDelegate.swift in Sources */ = {isa = PBXBuildFile; fileRef = ED04825424C9F6DC00C58BD8 /* SceneDelegate.swift */; };
		ED04825C24C9F6DE00C58BD8 /* Assets.xcassets in Resources */ = {isa = PBXBuildFile; fileRef = ED04825B24C9F6DE00C58BD8 /* Assets.xcassets */; };
		ED04825F24C9F6DE00C58BD8 /* LaunchScreen.storyboard in Resources */ = {isa = PBXBuildFile; fileRef = ED04825D24C9F6DE00C58BD8 /* LaunchScreen.storyboard */; };
		ED58F16A24D7E5CF002C1DA0 /* SearchVC.swift in Sources */ = {isa = PBXBuildFile; fileRef = ED58F16924D7E5CF002C1DA0 /* SearchVC.swift */; };
		ED58F16C24D7E62A002C1DA0 /* FavoritesListVC.swift in Sources */ = {isa = PBXBuildFile; fileRef = ED58F16B24D7E62A002C1DA0 /* FavoritesListVC.swift */; };
		ED58F17024D7EFD6002C1DA0 /* MainTabBar.swift in Sources */ = {isa = PBXBuildFile; fileRef = ED58F16F24D7EFD6002C1DA0 /* MainTabBar.swift */; };
		EDDE00CC24D81089000E3123 /* GFButton.swift in Sources */ = {isa = PBXBuildFile; fileRef = EDDE00CB24D81089000E3123 /* GFButton.swift */; };
		EDDE00CE24D82CAA000E3123 /* GFTextField.swift in Sources */ = {isa = PBXBuildFile; fileRef = EDDE00CD24D82CAA000E3123 /* GFTextField.swift */; };
/* End PBXBuildFile section */

/* Begin PBXFileReference section */
		ED04824F24C9F6DB00C58BD8 /* GitHubFollowers.app */ = {isa = PBXFileReference; explicitFileType = wrapper.application; includeInIndex = 0; path = GitHubFollowers.app; sourceTree = BUILT_PRODUCTS_DIR; };
		ED04825224C9F6DC00C58BD8 /* AppDelegate.swift */ = {isa = PBXFileReference; lastKnownFileType = sourcecode.swift; path = AppDelegate.swift; sourceTree = "<group>"; };
		ED04825424C9F6DC00C58BD8 /* SceneDelegate.swift */ = {isa = PBXFileReference; lastKnownFileType = sourcecode.swift; path = SceneDelegate.swift; sourceTree = "<group>"; };
		ED04825B24C9F6DE00C58BD8 /* Assets.xcassets */ = {isa = PBXFileReference; lastKnownFileType = folder.assetcatalog; path = Assets.xcassets; sourceTree = "<group>"; };
		ED04825E24C9F6DE00C58BD8 /* Base */ = {isa = PBXFileReference; lastKnownFileType = file.storyboard; name = Base; path = Base.lproj/LaunchScreen.storyboard; sourceTree = "<group>"; };
		ED04826024C9F6DE00C58BD8 /* Info.plist */ = {isa = PBXFileReference; lastKnownFileType = text.plist.xml; path = Info.plist; sourceTree = "<group>"; };
		ED58F16924D7E5CF002C1DA0 /* SearchVC.swift */ = {isa = PBXFileReference; lastKnownFileType = sourcecode.swift; path = SearchVC.swift; sourceTree = "<group>"; };
		ED58F16B24D7E62A002C1DA0 /* FavoritesListVC.swift */ = {isa = PBXFileReference; lastKnownFileType = sourcecode.swift; path = FavoritesListVC.swift; sourceTree = "<group>"; };
		ED58F16F24D7EFD6002C1DA0 /* MainTabBar.swift */ = {isa = PBXFileReference; lastKnownFileType = sourcecode.swift; path = MainTabBar.swift; sourceTree = "<group>"; };
		EDDE00CB24D81089000E3123 /* GFButton.swift */ = {isa = PBXFileReference; lastKnownFileType = sourcecode.swift; path = GFButton.swift; sourceTree = "<group>"; };
		EDDE00CD24D82CAA000E3123 /* GFTextField.swift */ = {isa = PBXFileReference; lastKnownFileType = sourcecode.swift; path = GFTextField.swift; sourceTree = "<group>"; };
/* End PBXFileReference section */

/* Begin PBXFrameworksBuildPhase section */
		ED04824C24C9F6DB00C58BD8 /* Frameworks */ = {
			isa = PBXFrameworksBuildPhase;
			buildActionMask = 2147483647;
			files = (
			);
			runOnlyForDeploymentPostprocessing = 0;
		};
/* End PBXFrameworksBuildPhase section */

/* Begin PBXGroup section */
		ED04824624C9F6DB00C58BD8 = {
			isa = PBXGroup;
			children = (
				ED04825124C9F6DB00C58BD8 /* GitHubFollowers */,
				ED04825024C9F6DB00C58BD8 /* Products */,
			);
			sourceTree = "<group>";
		};
		ED04825024C9F6DB00C58BD8 /* Products */ = {
			isa = PBXGroup;
			children = (
				ED04824F24C9F6DB00C58BD8 /* GitHubFollowers.app */,
			);
			name = Products;
			sourceTree = "<group>";
		};
		ED04825124C9F6DB00C58BD8 /* GitHubFollowers */ = {
			isa = PBXGroup;
			children = (
				ED04825224C9F6DC00C58BD8 /* AppDelegate.swift */,
				ED04825424C9F6DC00C58BD8 /* SceneDelegate.swift */,
				ED04825B24C9F6DE00C58BD8 /* Assets.xcassets */,
				ED04825D24C9F6DE00C58BD8 /* LaunchScreen.storyboard */,
				ED04826024C9F6DE00C58BD8 /* Info.plist */,
				ED58F16924D7E5CF002C1DA0 /* SearchVC.swift */,
				ED58F16B24D7E62A002C1DA0 /* FavoritesListVC.swift */,
				ED58F16F24D7EFD6002C1DA0 /* MainTabBar.swift */,
				EDDE00CB24D81089000E3123 /* GFButton.swift */,
				EDDE00CD24D82CAA000E3123 /* GFTextField.swift */,
			);
			path = GitHubFollowers;
			sourceTree = "<group>";
		};
/* End PBXGroup section */

/* Begin PBXNativeTarget section */
		ED04824E24C9F6DB00C58BD8 /* GitHubFollowers */ = {
			isa = PBXNativeTarget;
			buildConfigurationList = ED04826324C9F6DE00C58BD8 /* Build configuration list for PBXNativeTarget "GitHubFollowers" */;
			buildPhases = (
				ED04824B24C9F6DB00C58BD8 /* Sources */,
				ED04824C24C9F6DB00C58BD8 /* Frameworks */,
				ED04824D24C9F6DB00C58BD8 /* Resources */,
			);
			buildRules = (
			);
			dependencies = (
			);
			name = GitHubFollowers;
			productName = GitHubFollowers;
			productReference = ED04824F24C9F6DB00C58BD8 /* GitHubFollowers.app */;
			productType = "com.apple.product-type.application";
		};
/* End PBXNativeTarget section */

/* Begin PBXProject section */
		ED04824724C9F6DB00C58BD8 /* Project object */ = {
			isa = PBXProject;
			attributes = {
				LastSwiftUpdateCheck = 1150;
				LastUpgradeCheck = 1150;
				ORGANIZATIONNAME = "Oleg Kudimov";
				TargetAttributes = {
					ED04824E24C9F6DB00C58BD8 = {
						CreatedOnToolsVersion = 11.5;
					};
				};
			};
			buildConfigurationList = ED04824A24C9F6DB00C58BD8 /* Build configuration list for PBXProject "GitHubFollowers" */;
			compatibilityVersion = "Xcode 9.3";
			developmentRegion = en;
			hasScannedForEncodings = 0;
			knownRegions = (
				en,
				Base,
			);
			mainGroup = ED04824624C9F6DB00C58BD8;
			productRefGroup = ED04825024C9F6DB00C58BD8 /* Products */;
			projectDirPath = "";
			projectRoot = "";
			targets = (
				ED04824E24C9F6DB00C58BD8 /* GitHubFollowers */,
			);
		};
/* End PBXProject section */

/* Begin PBXResourcesBuildPhase section */
		ED04824D24C9F6DB00C58BD8 /* Resources */ = {
			isa = PBXResourcesBuildPhase;
			buildActionMask = 2147483647;
			files = (
				ED04825F24C9F6DE00C58BD8 /* LaunchScreen.storyboard in Resources */,
				ED04825C24C9F6DE00C58BD8 /* Assets.xcassets in Resources */,
			);
			runOnlyForDeploymentPostprocessing = 0;
		};
/* End PBXResourcesBuildPhase section */

/* Begin PBXSourcesBuildPhase section */
		ED04824B24C9F6DB00C58BD8 /* Sources */ = {
			isa = PBXSourcesBuildPhase;
			buildActionMask = 2147483647;
			files = (
				ED58F16C24D7E62A002C1DA0 /* FavoritesListVC.swift in Sources */,
				ED58F16A24D7E5CF002C1DA0 /* SearchVC.swift in Sources */,
				EDDE00CC24D81089000E3123 /* GFButton.swift in Sources */,
				ED04825324C9F6DC00C58BD8 /* AppDelegate.swift in Sources */,
				ED58F17024D7EFD6002C1DA0 /* MainTabBar.swift in Sources */,
				ED04825524C9F6DC00C58BD8 /* SceneDelegate.swift in Sources */,
				EDDE00CE24D82CAA000E3123 /* GFTextField.swift in Sources */,
			);
			runOnlyForDeploymentPostprocessing = 0;
		};
/* End PBXSourcesBuildPhase section */

/* Begin PBXVariantGroup section */
		ED04825D24C9F6DE00C58BD8 /* LaunchScreen.storyboard */ = {
			isa = PBXVariantGroup;
			children = (
				ED04825E24C9F6DE00C58BD8 /* Base */,
			);
			name = LaunchScreen.storyboard;
			sourceTree = "<group>";
		};
/* End PBXVariantGroup section */

/* Begin XCBuildConfiguration section */
		ED04826124C9F6DE00C58BD8 /* Debug */ = {
			isa = XCBuildConfiguration;
			buildSettings = {
				ALWAYS_SEARCH_USER_PATHS = NO;
				CLANG_ANALYZER_NONNULL = YES;
				CLANG_ANALYZER_NUMBER_OBJECT_CONVERSION = YES_AGGRESSIVE;
				CLANG_CXX_LANGUAGE_STANDARD = "gnu++14";
				CLANG_CXX_LIBRARY = "libc++";
				CLANG_ENABLE_MODULES = YES;
				CLANG_ENABLE_OBJC_ARC = YES;
				CLANG_ENABLE_OBJC_WEAK = YES;
				CLANG_WARN_BLOCK_CAPTURE_AUTORELEASING = YES;
				CLANG_WARN_BOOL_CONVERSION = YES;
				CLANG_WARN_COMMA = YES;
				CLANG_WARN_CONSTANT_CONVERSION = YES;
				CLANG_WARN_DEPRECATED_OBJC_IMPLEMENTATIONS = YES;
				CLANG_WARN_DIRECT_OBJC_ISA_USAGE = YES_ERROR;
				CLANG_WARN_DOCUMENTATION_COMMENTS = YES;
				CLANG_WARN_EMPTY_BODY = YES;
				CLANG_WARN_ENUM_CONVERSION = YES;
				CLANG_WARN_INFINITE_RECURSION = YES;
				CLANG_WARN_INT_CONVERSION = YES;
				CLANG_WARN_NON_LITERAL_NULL_CONVERSION = YES;
				CLANG_WARN_OBJC_IMPLICIT_RETAIN_SELF = YES;
				CLANG_WARN_OBJC_LITERAL_CONVERSION = YES;
				CLANG_WARN_OBJC_ROOT_CLASS = YES_ERROR;
				CLANG_WARN_RANGE_LOOP_ANALYSIS = YES;
				CLANG_WARN_STRICT_PROTOTYPES = YES;
				CLANG_WARN_SUSPICIOUS_MOVE = YES;
				CLANG_WARN_UNGUARDED_AVAILABILITY = YES_AGGRESSIVE;
				CLANG_WARN_UNREACHABLE_CODE = YES;
				CLANG_WARN__DUPLICATE_METHOD_MATCH = YES;
				COPY_PHASE_STRIP = NO;
				DEBUG_INFORMATION_FORMAT = dwarf;
				ENABLE_STRICT_OBJC_MSGSEND = YES;
				ENABLE_TESTABILITY = YES;
				GCC_C_LANGUAGE_STANDARD = gnu11;
				GCC_DYNAMIC_NO_PIC = NO;
				GCC_NO_COMMON_BLOCKS = YES;
				GCC_OPTIMIZATION_LEVEL = 0;
				GCC_PREPROCESSOR_DEFINITIONS = (
					"DEBUG=1",
					"$(inherited)",
				);
				GCC_WARN_64_TO_32_BIT_CONVERSION = YES;
				GCC_WARN_ABOUT_RETURN_TYPE = YES_ERROR;
				GCC_WARN_UNDECLARED_SELECTOR = YES;
				GCC_WARN_UNINITIALIZED_AUTOS = YES_AGGRESSIVE;
				GCC_WARN_UNUSED_FUNCTION = YES;
				GCC_WARN_UNUSED_VARIABLE = YES;
				IPHONEOS_DEPLOYMENT_TARGET = 13.5;
				MTL_ENABLE_DEBUG_INFO = INCLUDE_SOURCE;
				MTL_FAST_MATH = YES;
				ONLY_ACTIVE_ARCH = YES;
				SDKROOT = iphoneos;
				SWIFT_ACTIVE_COMPILATION_CONDITIONS = DEBUG;
				SWIFT_OPTIMIZATION_LEVEL = "-Onone";
			};
			name = Debug;
		};
		ED04826224C9F6DE00C58BD8 /* Release */ = {
			isa = XCBuildConfiguration;
			buildSettings = {
				ALWAYS_SEARCH_USER_PATHS = NO;
				CLANG_ANALYZER_NONNULL = YES;
				CLANG_ANALYZER_NUMBER_OBJECT_CONVERSION = YES_AGGRESSIVE;
				CLANG_CXX_LANGUAGE_STANDARD = "gnu++14";
				CLANG_CXX_LIBRARY = "libc++";
				CLANG_ENABLE_MODULES = YES;
				CLANG_ENABLE_OBJC_ARC = YES;
				CLANG_ENABLE_OBJC_WEAK = YES;
				CLANG_WARN_BLOCK_CAPTURE_AUTORELEASING = YES;
				CLANG_WARN_BOOL_CONVERSION = YES;
				CLANG_WARN_COMMA = YES;
				CLANG_WARN_CONSTANT_CONVERSION = YES;
				CLANG_WARN_DEPRECATED_OBJC_IMPLEMENTATIONS = YES;
				CLANG_WARN_DIRECT_OBJC_ISA_USAGE = YES_ERROR;
				CLANG_WARN_DOCUMENTATION_COMMENTS = YES;
				CLANG_WARN_EMPTY_BODY = YES;
				CLANG_WARN_ENUM_CONVERSION = YES;
				CLANG_WARN_INFINITE_RECURSION = YES;
				CLANG_WARN_INT_CONVERSION = YES;
				CLANG_WARN_NON_LITERAL_NULL_CONVERSION = YES;
				CLANG_WARN_OBJC_IMPLICIT_RETAIN_SELF = YES;
				CLANG_WARN_OBJC_LITERAL_CONVERSION = YES;
				CLANG_WARN_OBJC_ROOT_CLASS = YES_ERROR;
				CLANG_WARN_RANGE_LOOP_ANALYSIS = YES;
				CLANG_WARN_STRICT_PROTOTYPES = YES;
				CLANG_WARN_SUSPICIOUS_MOVE = YES;
				CLANG_WARN_UNGUARDED_AVAILABILITY = YES_AGGRESSIVE;
				CLANG_WARN_UNREACHABLE_CODE = YES;
				CLANG_WARN__DUPLICATE_METHOD_MATCH = YES;
				COPY_PHASE_STRIP = NO;
				DEBUG_INFORMATION_FORMAT = "dwarf-with-dsym";
				ENABLE_NS_ASSERTIONS = NO;
				ENABLE_STRICT_OBJC_MSGSEND = YES;
				GCC_C_LANGUAGE_STANDARD = gnu11;
				GCC_NO_COMMON_BLOCKS = YES;
				GCC_WARN_64_TO_32_BIT_CONVERSION = YES;
				GCC_WARN_ABOUT_RETURN_TYPE = YES_ERROR;
				GCC_WARN_UNDECLARED_SELECTOR = YES;
				GCC_WARN_UNINITIALIZED_AUTOS = YES_AGGRESSIVE;
				GCC_WARN_UNUSED_FUNCTION = YES;
				GCC_WARN_UNUSED_VARIABLE = YES;
				IPHONEOS_DEPLOYMENT_TARGET = 13.5;
				MTL_ENABLE_DEBUG_INFO = NO;
				MTL_FAST_MATH = YES;
				SDKROOT = iphoneos;
				SWIFT_COMPILATION_MODE = wholemodule;
				SWIFT_OPTIMIZATION_LEVEL = "-O";
				VALIDATE_PRODUCT = YES;
			};
			name = Release;
		};
		ED04826424C9F6DE00C58BD8 /* Debug */ = {
			isa = XCBuildConfiguration;
			buildSettings = {
				ASSETCATALOG_COMPILER_APPICON_NAME = AppIcon;
				CODE_SIGN_STYLE = Automatic;
				DEVELOPMENT_TEAM = CYNZRZ47N3;
				INFOPLIST_FILE = GitHubFollowers/Info.plist;
				LD_RUNPATH_SEARCH_PATHS = (
					"$(inherited)",
					"@executable_path/Frameworks",
				);
				PRODUCT_BUNDLE_IDENTIFIER = com.olegkudimov.GitHubFollowers;
				PRODUCT_NAME = "$(TARGET_NAME)";
				SWIFT_VERSION = 5.0;
				TARGETED_DEVICE_FAMILY = 1;
			};
			name = Debug;
		};
		ED04826524C9F6DE00C58BD8 /* Release */ = {
			isa = XCBuildConfiguration;
			buildSettings = {
				ASSETCATALOG_COMPILER_APPICON_NAME = AppIcon;
				CODE_SIGN_STYLE = Automatic;
				DEVELOPMENT_TEAM = CYNZRZ47N3;
				INFOPLIST_FILE = GitHubFollowers/Info.plist;
				LD_RUNPATH_SEARCH_PATHS = (
					"$(inherited)",
					"@executable_path/Frameworks",
				);
				PRODUCT_BUNDLE_IDENTIFIER = com.olegkudimov.GitHubFollowers;
				PRODUCT_NAME = "$(TARGET_NAME)";
				SWIFT_VERSION = 5.0;
				TARGETED_DEVICE_FAMILY = 1;
			};
			name = Release;
		};
/* End XCBuildConfiguration section */

/* Begin XCConfigurationList section */
		ED04824A24C9F6DB00C58BD8 /* Build configuration list for PBXProject "GitHubFollowers" */ = {
			isa = XCConfigurationList;
			buildConfigurations = (
				ED04826124C9F6DE00C58BD8 /* Debug */,
				ED04826224C9F6DE00C58BD8 /* Release */,
			);
			defaultConfigurationIsVisible = 0;
			defaultConfigurationName = Release;
		};
		ED04826324C9F6DE00C58BD8 /* Build configuration list for PBXNativeTarget "GitHubFollowers" */ = {
			isa = XCConfigurationList;
			buildConfigurations = (
				ED04826424C9F6DE00C58BD8 /* Debug */,
				ED04826524C9F6DE00C58BD8 /* Release */,
			);
			defaultConfigurationIsVisible = 0;
			defaultConfigurationName = Release;
		};
/* End XCConfigurationList section */
	};
	rootObject = ED04824724C9F6DB00C58BD8 /* Project object */;
}
